<?xml version="1.0" encoding="utf-8"?>
<Project ToolsVersion="4.0" xmlns="http://schemas.microsoft.com/developer/msbuild/2003">
  <ItemGroup>
    <ClCompile Include="BoomerangProjectile.cpp" />
    <ClCompile Include="CardShop.cpp" />
    <ClCompile Include="CupidEnemy.cpp" />
    <ClCompile Include="DamageTextManager.cpp" />
    <ClCompile Include="DauDauNPC.cpp" />
    <ClCompile Include="DebugScene.cpp" />
    <ClCompile Include="DemonEyeEnemy.cpp" />
    <ClCompile Include="Game.cpp" />
    <ClCompile Include="GameItems.cpp" />
    <ClCompile Include="HandContainer.cpp" />
    <ClCompile Include="HealingPoint.cpp" />
    <ClCompile Include="IBattleScene.cpp" />
    <ClCompile Include="IButton.cpp" />
    <ClCompile Include="IconButton.cpp" />
    <ClCompile Include="IContainer.cpp" />
    <ClCompile Include="IConversation.cpp" />
    <ClCompile Include="IDraggable.cpp" />
    <ClCompile Include="INPC.cpp" />
    <ClCompile Include="InventoryMenu.cpp" />
    <ClCompile Include="IStatementCard.cpp" />
    <ClCompile Include="ItemShop.cpp" />
    <ClCompile Include="main.cpp" />
    <ClCompile Include="MainMenu.cpp" />
    <ClCompile Include="MimicEnemy.cpp" />
    <ClCompile Include="MultiTargetCard.cpp" />
    <ClCompile Include="NPC1.cpp" />
    <ClCompile Include="pch.cpp" />
    <ClCompile Include="Player.cpp" />
    <ClCompile Include="SavePoint.cpp" />
    <ClCompile Include="SettingsScene.cpp" />
    <ClCompile Include="IShopScene.cpp" />
    <ClCompile Include="ShopPoint.cpp" />
    <ClCompile Include="SineWaveProjectile.cpp" />
    <ClCompile Include="SpiralProjectile.cpp" />
    <ClCompile Include="TargetedProjectile.cpp" />
    <ClCompile Include="TextInputManager.cpp" />
    <ClCompile Include="PopUpMessage.cpp" />
    <ClCompile Include="RoundProjectile.cpp" />
    <ClCompile Include="TestBattleScene.cpp" />
    <ClCompile Include="TutorialWorldScene.cpp" />
    <ClCompile Include="VampireBatEnemy.cpp" />
    <ClCompile Include="WarlockEnemy.cpp" />
    <ClCompile Include="World1Scene.cpp" />
    <ClCompile Include="TextButton.cpp" />
    <ClCompile Include="EnemyCard.cpp" />
    <ClCompile Include="IBlockCard.cpp" />
    <ClCompile Include="IEnemy.cpp" />
    <ClCompile Include="MainBlockCard.cpp" />
    <ClCompile Include="StrikeCard.cpp" />
    <ClCompile Include="TestEnemy.cpp" />
    <ClCompile Include="RandomEncounter.cpp" />
    <ClCompile Include="CustomBattleScene.cpp" />
    <ClCompile Include="TransitionCommand.cpp" />
    <ClCompile Include="AdvancedCards.cpp" />
    <ClCompile Include="ThreadAlleyScene.cpp" />
    <ClCompile Include="SaveGameState.cpp" />
    <ClCompile Include="BossWorldScene.cpp" />
    <ClCompile Include="HackTerminal.cpp" />
    <ClCompile Include="RustyChestNPC.cpp" />
    <ClCompile Include="KeyeEnemy.cpp" />
    <ClCompile Include="KeyeproEnemy.cpp" />
    <ClCompile Include="SettingsManager.cpp" />
    <ClCompile Include="SecretPuzzleScene.cpp" />
    <ClCompile Include="TreasureChestNPC.cpp" />
  </ItemGroup>
  <ItemGroup>
    <ClInclude Include="AdvancedCards.h" />
    <ClInclude Include="BoomerangProjectile.h" />
    <ClInclude Include="CardShop.h" />
    <ClInclude Include="CupidEnemy.h" />
    <ClInclude Include="DamageTextManager.h" />
    <ClInclude Include="DauDauNPC.h" />
    <ClInclude Include="DebugScene.h" />
    <ClInclude Include="DemonEyeEnemy.h" />
    <ClInclude Include="DialogueLine.h" />
    <ClInclude Include="EnemyCard.h" />
    <ClInclude Include="Game.h" />
    <ClInclude Include="GameItems.h" />
    <ClInclude Include="HandContainer.h" />
    <ClInclude Include="HealingPoint.h" />
    <ClInclude Include="IBattleScene.h" />
    <ClInclude Include="IBlockCard.h" />
    <ClInclude Include="IButton.h" />
    <ClInclude Include="ICard.h" />
    <ClInclude Include="IconButton.h" />
    <ClInclude Include="IContainer.h" />
    <ClInclude Include="IConversation.h" />
    <ClInclude Include="IDraggable.h" />
    <ClInclude Include="INPC.h" />
    <ClInclude Include="InventoryMenu.h" />
    <ClInclude Include="ItemShop.h" />
    <ClInclude Include="MainMenu.h" />
    <ClInclude Include="IEnemy.h" />
    <ClInclude Include="IExpressionCard.h" />
    <ClInclude Include="IProjectile.h" />
    <ClInclude Include="IStatementCard.h" />
    <ClInclude Include="MainBlockCard.h" />
    <ClInclude Include="MimicEnemy.h" />
    <ClInclude Include="MultiTargetCard.h" />
    <ClInclude Include="NPC1.h" />
    <ClInclude Include="Player.h" />
    <ClInclude Include="PopUpMessage.h" />
    <ClInclude Include="resource.h" />
    <ClInclude Include="SavePoint.h" />
    <ClInclude Include="SettingsManager.h" />
    <ClInclude Include="SettingsScene.h" />
    <ClInclude Include="IShopScene.h" />
    <ClInclude Include="ShopPoint.h" />
    <ClInclude Include="SineWaveProjectile.h" />
    <ClInclude Include="SpiralProjectile.h" />
    <ClInclude Include="TargetedProjectile.h" />
    <ClInclude Include="TextInputManager.h" />
    <ClInclude Include="RoundProjectile.h" />
    <ClInclude Include="StrikeCard.h" />
    <ClInclude Include="TestBattleScene.h" />
    <ClInclude Include="TestEnemy.h" />
    <ClInclude Include="TutorialWorldScene.h" />
    <ClInclude Include="VampireBatEnemy.h" />
    <ClInclude Include="WarlockEnemy.h" />
    <ClInclude Include="World1Scene.h" />
    <ClInclude Include="TextButton.h" />
    <ClInclude Include="RandomEncounter.h" />
    <ClInclude Include="CustomBattleScene.h" />
    <ClInclude Include="TransitionCommand.h" />
    <ClInclude Include="ThreadAlleyScene.h" />
    <ClInclude Include="SaveGameState.h" />
    <ClInclude Include="BossWorldScene.h" />
    <ClInclude Include="HackTerminal.h" />
    <ClInclude Include="RustyChestNPC.h" />
    <ClInclude Include="KeyeEnemy.h" />
    <ClInclude Include="KeyeproEnemy.h" />
    <ClInclude Include="SecretPuzzleScene.h" />
    <ClInclude Include="TreasureChestNPC.h" />
  </ItemGroup>
  <ItemGroup>
    <ResourceCompile Include="demo.rc" />
  </ItemGroup>
  <ItemGroup>
    <Image Include="arrow.png" />
    <Image Include="click.png" />
    <Image Include="cursor.png" />
    <Image Include="daudau-Sheet.png" />
    <Image Include="grab.png" />
    <Image Include="healingpoint-Sheet.png" />
    <Image Include="hitimpact-Sheet.png" />
    <Image Include="items.png" />
    <Image Include="NPC1.png" />
    <Image Include="placeholder-healingpoint.png" />
    <Image Include="pointer.png" />
    <Image Include="savepoint-Sheet.png" />
    <Image Include="Shop-Sheet.png" />
    <Image Include="TempTex.png" />
    <Image Include="placeholder-shop.png" />
    <Image Include="test-background.png" />
    <Image Include="test-title.png" />
    <Image Include="placeholder-round-projectile.png" />
    <Image Include="placeholder.png" />
    <Image Include="tutorial.png" />
    <Image Include="ui.png" />
    <Image Include="text-select.png" />
    <Image Include="uiter-Sheet.png" />
    <Image Include="ui-pack.png" />
    <Image Include="computerbug-Sheet.png" />
    <Image Include="shrimp-Sheet.png" />
    <Image Include="notresponding-Sheet.png" />
    <Image Include="spearprojectile.png" />
    <Image Include="bugprojectile-Sheet.png" />
    <Image Include="xprojectile.png" />
    <Image Include="threadalley.png" />
    <Image Include="crawler-Sheet.png" />
    <Image Include="terminals.png" />
    <Image Include="Keyepro-Sheet.png" />
    <Image Include="Keye-Sheet.png" />
    <Image Include="Keye-Bullet.png" />
    <Image Include="bossmatrix.png" />
    <Image Include="First Asset pack.png" />
    <Image Include="XP.jpg" />
    <Image Include="icon.jpg" />
    <Image Include="Shop.png" />
    <Image Include="bubble-Sheet.png" />
    <Image Include="bubbleprojectile.png" />
    <Image Include="secretpuzzle.png" />
    <Image Include="chestopened.png" />
    <Image Include="chestclosed.png" />
    <Image Include="gate.png" />
  </ItemGroup>
  <ItemGroup>
    <Font Include="arcade-among-2-r46pv.ttf" />
    <Font Include="statusplz.ttf" />
  </ItemGroup>
  <ItemGroup>
    <None Include="placeholder-round-projectile.aseprite" />
    <None Include="tutorial.aseprite" />
    <None Include="tutorial.tmx" />
    <None Include="tutorial.tsx" />
    <None Include="uiter-Sheet.aseprite" />
    <None Include="uiter.aseprite" />
    <None Include="ThreadAlley.tmx" />
    <None Include="threadalley.tsx" />
    <None Include="BossMatrix.tmx" />
    <None Include="bossmatrix.tsx" />
    <None Include="SecretPuzzle.tmx" />
    <None Include="First Asset pack.tsx" />
    <None Include="XP.tsx" />
    <None Include="icon.tsx" />
    <None Include="Shop.tsx" />
    <None Include="secretpuzzle.tsx" />
    <None Include="wave1.bin" />
  </ItemGroup>
  <ItemGroup>
    <Media Include="assets\audio\button-click.wav" />
    <Media Include="assets\audio\button-hover.wav" />
    <Media Include="assets\audio\inventory_close.wav" />
    <Media Include="assets\audio\inventory_open.wav" />
    <Media Include="Sounds\button-hover.wav" />
    <Media Include="assets\audio\step_default1.wav" />
    <Media Include="assets\audio\step_default2.wav" />
    <Media Include="assets\audio\step_default3.wav" />
    <Media Include="assets\audio\step_default4.wav" />
    <Media Include="assets\audio\step_leaves1.wav" />
    <Media Include="assets\audio\step_leaves2.wav" />
    <Media Include="assets\audio\step_leaves3.wav" />
    <Media Include="assets\audio\step_leaves4.wav" />
    <Media Include="assets\audio\step_metal1.wav" />
    <Media Include="assets\audio\step_metal2.wav" />
    <Media Include="assets\audio\step_metal3.wav" />
    <Media Include="assets\audio\step_metal4.wav" />
    <Media Include="assets\audio\step_metal5.wav" />
    <Media Include="assets\audio\step_dirt1.wav" />
    <Media Include="assets\audio\step_dirt2.wav" />
    <Media Include="assets\audio\step_dirt3.wav" />
    <Media Include="assets\audio\step_dirt4.wav" />
    <Media Include="assets\audio\step_dirt5.wav" />
    <Media Include="assets\audio\step_concrete1.wav" />
    <Media Include="assets\audio\step_concrete2.wav" />
    <Media Include="assets\audio\step_concrete3.wav" />
    <Media Include="assets\audio\step_concrete4.wav" />
    <Media Include="assets\audio\step_vinyl1.wav" />
    <Media Include="assets\audio\step_vinyl2.wav" />
    <Media Include="assets\audio\step_vinyl3.wav" />
    <Media Include="assets\audio\step_vinyl4.wav" />
    <Media Include="assets\audio\access_denied.wav" />
    <Media Include="assets\audio\access_granted.wav" />
    <Media Include="assets\audio\buy_item.wav" />
    <Media Include="assets\audio\error.wav" />
    <Media Include="assets\audio\card_draw1.wav" />
    <Media Include="assets\audio\card_draw2.wav" />
    <Media Include="assets\audio\card_draw3.wav" />
    <Media Include="assets\audio\card_draw4.wav" />
    <Media Include="assets\audio\hurt1.wav" />
    <Media Include="assets\audio\hurt2.wav" />
    <Media Include="assets\audio\hurt3.wav" />
    <Media Include="assets\audio\hurt4.wav" />
    <Media Include="assets\audio\hurt5.wav" />
    <Media Include="assets\audio\dead.wav" />
    <Media Include="assets\audio\coins_gather.wav" />
    <Media Include="assets\audio\card_snap.wav" />
    <Media Include="assets\audio\card_snap2.wav" />
    <Media Include="assets\audio\power_up.wav" />
    <Media Include="assets\audio\dialog_voice1.wav" />
    <Media Include="assets\audio\dialog_voice2.wav" />
    <Media Include="assets\audio\dialog_voice3.wav" />
    <Media Include="assets\audio\dialog_voice4.wav" />
    <Media Include="assets\audio\dialog_voice5.wav" />
    <Media Include="assets\audio\power_up1.wav" />
    <Media Include="assets\audio\power_up2.wav" />
    <Media Include="assets\audio\power_up3.wav" />
    <Media Include="assets\audio\checkpoint.wav" />
    <Media Include="assets\audio\arcade-music-loop.wav" />
    <Media Include="assets\audio\sky-loop.wav" />
    <Media Include="assets\audio\tutorial-loop.wav" />
    <Media Include="assets\audio\battle_boss.wav" />
    <Media Include="assets\audio\battle-loop1.wav" />
    <Media Include="assets\audio\battle-loop2.wav" />
    <Media Include="assets\audio\battle-loop3.wav" />
    <Media Include="assets\audio\battle-loop4.wav" />
    <Media Include="assets\audio\boss-loop.wav" />
    <Media Include="assets\audio\secret-loop.wav" />
  </ItemGroup>
</Project>